
Microsoft Visual Studio Solution File, Format Version 12.00
# Visual Studio Version 17
VisualStudioVersion = 17.0.31903.59
MinimumVisualStudioVersion = 10.0.40219.1
Project("{FAE04EC0-301F-11D3-BF4B-00C04F79EFBC}") = "Client", "Client\Client.csproj", "{35A8FBD3-C8C0-4391-B5FB-9E6CF59CAA73}"
EndProject
Project("{FAE04EC0-301F-11D3-BF4B-00C04F79EFBC}") = "Server", "Server\Server.csproj", "{AE6776F1-78BF-4FF9-8D5E-2CBD63B735DB}"
EndProject
Project("{FAE04EC0-301F-11D3-BF4B-00C04F79EFBC}") = "ImageGc.Shared", "ImageGc.Shared\ImageGc.Shared.csproj", "{949247F5-FE40-444D-ADA6-6B848214B35F}"
EndProject
Project("{FAE04EC0-301F-11D3-BF4B-00C04F79EFBC}") = "ImageGc.Tests", "ImageGc.Tests\ImageGc.Tests.csproj", "{077C9B80-50AD-486D-B60D-EFF6F583436A}"
EndProject
Global
	GlobalSection(SolutionConfigurationPlatforms) = preSolution
		Debug|Any CPU = Debug|Any CPU
		Debug|x64 = Debug|x64
		Debug|x86 = Debug|x86
		Release|Any CPU = Release|Any CPU
		Release|x64 = Release|x64
		Release|x86 = Release|x86
	EndGlobalSection
	GlobalSection(ProjectConfigurationPlatforms) = postSolution
		{35A8FBD3-C8C0-4391-B5FB-9E6CF59CAA73}.Debug|Any CPU.ActiveCfg = Debug|Any CPU
		{35A8FBD3-C8C0-4391-B5FB-9E6CF59CAA73}.Debug|Any CPU.Build.0 = Debug|Any CPU
		{35A8FBD3-C8C0-4391-B5FB-9E6CF59CAA73}.Debug|x64.ActiveCfg = Debug|Any CPU
		{35A8FBD3-C8C0-4391-B5FB-9E6CF59CAA73}.Debug|x64.Build.0 = Debug|Any CPU
		{35A8FBD3-C8C0-4391-B5FB-9E6CF59CAA73}.Debug|x86.ActiveCfg = Debug|Any CPU
		{35A8FBD3-C8C0-4391-B5FB-9E6CF59CAA73}.Debug|x86.Build.0 = Debug|Any CPU
		{35A8FBD3-C8C0-4391-B5FB-9E6CF59CAA73}.Release|Any CPU.ActiveCfg = Release|Any CPU
		{35A8FBD3-C8C0-4391-B5FB-9E6CF59CAA73}.Release|Any CPU.Build.0 = Release|Any CPU
		{35A8FBD3-C8C0-4391-B5FB-9E6CF59CAA73}.Release|x64.ActiveCfg = Release|Any CPU
		{35A8FBD3-C8C0-4391-B5FB-9E6CF59CAA73}.Release|x64.Build.0 = Release|Any CPU
		{35A8FBD3-C8C0-4391-B5FB-9E6CF59CAA73}.Release|x86.ActiveCfg = Release|Any CPU
		{35A8FBD3-C8C0-4391-B5FB-9E6CF59CAA73}.Release|x86.Build.0 = Release|Any CPU
		{AE6776F1-78BF-4FF9-8D5E-2CBD63B735DB}.Debug|Any CPU.ActiveCfg = Debug|Any CPU
		{AE6776F1-78BF-4FF9-8D5E-2CBD63B735DB}.Debug|Any CPU.Build.0 = Debug|Any CPU
		{AE6776F1-78BF-4FF9-8D5E-2CBD63B735DB}.Debug|x64.ActiveCfg = Debug|Any CPU
		{AE6776F1-78BF-4FF9-8D5E-2CBD63B735DB}.Debug|x64.Build.0 = Debug|Any CPU
		{AE6776F1-78BF-4FF9-8D5E-2CBD63B735DB}.Debug|x86.ActiveCfg = Debug|Any CPU
		{AE6776F1-78BF-4FF9-8D5E-2CBD63B735DB}.Debug|x86.Build.0 = Debug|Any CPU
		{AE6776F1-78BF-4FF9-8D5E-2CBD63B735DB}.Release|Any CPU.ActiveCfg = Release|Any CPU
		{AE6776F1-78BF-4FF9-8D5E-2CBD63B735DB}.Release|Any CPU.Build.0 = Release|Any CPU
		{AE6776F1-78BF-4FF9-8D5E-2CBD63B735DB}.Release|x64.ActiveCfg = Release|Any CPU
		{AE6776F1-78BF-4FF9-8D5E-2CBD63B735DB}.Release|x64.Build.0 = Release|Any CPU
		{AE6776F1-78BF-4FF9-8D5E-2CBD63B735DB}.Release|x86.ActiveCfg = Release|Any CPU
		{AE6776F1-78BF-4FF9-8D5E-2CBD63B735DB}.Release|x86.Build.0 = Release|Any CPU
		{949247F5-FE40-444D-ADA6-6B848214B35F}.Debug|Any CPU.ActiveCfg = Debug|Any CPU
		{949247F5-FE40-444D-ADA6-6B848214B35F}.Debug|Any CPU.Build.0 = Debug|Any CPU
		{949247F5-FE40-444D-ADA6-6B848214B35F}.Debug|x64.ActiveCfg = Debug|Any CPU
		{949247F5-FE40-444D-ADA6-6B848214B35F}.Debug|x64.Build.0 = Debug|Any CPU
		{949247F5-FE40-444D-ADA6-6B848214B35F}.Debug|x86.ActiveCfg = Debug|Any CPU
		{949247F5-FE40-444D-ADA6-6B848214B35F}.Debug|x86.Build.0 = Debug|Any CPU
		{949247F5-FE40-444D-ADA6-6B848214B35F}.Release|Any CPU.ActiveCfg = Release|Any CPU
		{949247F5-FE40-444D-ADA6-6B848214B35F}.Release|Any CPU.Build.0 = Release|Any CPU
		{949247F5-FE40-444D-ADA6-6B848214B35F}.Release|x64.ActiveCfg = Release|Any CPU
		{949247F5-FE40-444D-ADA6-6B848214B35F}.Release|x64.Build.0 = Release|Any CPU
		{949247F5-FE40-444D-ADA6-6B848214B35F}.Release|x86.ActiveCfg = Release|Any CPU
		{949247F5-FE40-444D-ADA6-6B848214B35F}.Release|x86.Build.0 = Release|Any CPU
		{077C9B80-50AD-486D-B60D-EFF6F583436A}.Debug|Any CPU.ActiveCfg = Debug|Any CPU
		{077C9B80-50AD-486D-B60D-EFF6F583436A}.Debug|Any CPU.Build.0 = Debug|Any CPU
		{077C9B80-50AD-486D-B60D-EFF6F583436A}.Debug|x64.ActiveCfg = Debug|Any CPU
		{077C9B80-50AD-486D-B60D-EFF6F583436A}.Debug|x64.Build.0 = Debug|Any CPU
		{077C9B80-50AD-486D-B60D-EFF6F583436A}.Debug|x86.ActiveCfg = Debug|Any CPU
		{077C9B80-50AD-486D-B60D-EFF6F583436A}.Debug|x86.Build.0 = Debug|Any CPU
		{077C9B80-50AD-486D-B60D-EFF6F583436A}.Release|Any CPU.ActiveCfg = Release|Any CPU
		{077C9B80-50AD-486D-B60D-EFF6F583436A}.Release|Any CPU.Build.0 = Release|Any CPU
		{077C9B80-50AD-486D-B60D-EFF6F583436A}.Release|x64.ActiveCfg = Release|Any CPU
		{077C9B80-50AD-486D-B60D-EFF6F583436A}.Release|x64.Build.0 = Release|Any CPU
		{077C9B80-50AD-486D-B60D-EFF6F583436A}.Release|x86.ActiveCfg = Release|Any CPU
		{077C9B80-50AD-486D-B60D-EFF6F583436A}.Release|x86.Build.0 = Release|Any CPU
	EndGlobalSection
	GlobalSection(SolutionProperties) = preSolution
		HideSolutionNode = FALSE
	EndGlobalSection
EndGlobal
